
Microsoft Visual Studio Solution File, Format Version 12.00
# Visual Studio Version 17
VisualStudioVersion = 17.5.002.0
MinimumVisualStudioVersion = 10.0.40219.1
Project("{2150E333-8FDC-42A3-9474-1A3956D46DE8}") = "Semana1", "Semana1", "{67298D0C-1D56-471D-9AEC-183640ED0025}"
EndProject
Project("{9A19103F-16F7-4668-BE54-9A1E7A4F7556}") = "MeuPrimeiroProjeto", "Semana1\MeuPrimeiroProjeto\MeuPrimeiroProjeto.csproj", "{BCCDFE54-56B5-46B6-9401-ABCF9388EE24}"
EndProject
Project("{9A19103F-16F7-4668-BE54-9A1E7A4F7556}") = "PI-001", "Semana1\PI-001\PI-001.csproj", "{E542C658-C99E-4948-B9AF-6E57A31C01CC}"
EndProject
Project("{2150E333-8FDC-42A3-9474-1A3956D46DE8}") = "Semana2", "Semana2", "{B590AD5C-FEC6-4A21-B791-B5F1C174EF1F}"
EndProject
Project("{9A19103F-16F7-4668-BE54-9A1E7A4F7556}") = "PO-002", "Semana2\PO-002\PO-002.csproj", "{6F91FE8F-D42D-4776-8EA2-08BD4646BE34}"
EndProject
Project("{9A19103F-16F7-4668-BE54-9A1E7A4F7556}") = "ExemplosAula", "Semana2\ExemplosAula\ExemplosAula.csproj", "{7E05806D-F765-4282-9218-7B67367BD13C}"
EndProject
Global
	GlobalSection(SolutionConfigurationPlatforms) = preSolution
		Debug|Any CPU = Debug|Any CPU
		Release|Any CPU = Release|Any CPU
	EndGlobalSection
	GlobalSection(ProjectConfigurationPlatforms) = postSolution
		{BCCDFE54-56B5-46B6-9401-ABCF9388EE24}.Debug|Any CPU.ActiveCfg = Debug|Any CPU
		{BCCDFE54-56B5-46B6-9401-ABCF9388EE24}.Debug|Any CPU.Build.0 = Debug|Any CPU
		{BCCDFE54-56B5-46B6-9401-ABCF9388EE24}.Release|Any CPU.ActiveCfg = Release|Any CPU
		{BCCDFE54-56B5-46B6-9401-ABCF9388EE24}.Release|Any CPU.Build.0 = Release|Any CPU
		{E542C658-C99E-4948-B9AF-6E57A31C01CC}.Debug|Any CPU.ActiveCfg = Debug|Any CPU
		{E542C658-C99E-4948-B9AF-6E57A31C01CC}.Debug|Any CPU.Build.0 = Debug|Any CPU
		{E542C658-C99E-4948-B9AF-6E57A31C01CC}.Release|Any CPU.ActiveCfg = Release|Any CPU
		{E542C658-C99E-4948-B9AF-6E57A31C01CC}.Release|Any CPU.Build.0 = Release|Any CPU
		{6F91FE8F-D42D-4776-8EA2-08BD4646BE34}.Debug|Any CPU.ActiveCfg = Debug|Any CPU
		{6F91FE8F-D42D-4776-8EA2-08BD4646BE34}.Debug|Any CPU.Build.0 = Debug|Any CPU
		{6F91FE8F-D42D-4776-8EA2-08BD4646BE34}.Release|Any CPU.ActiveCfg = Release|Any CPU
		{6F91FE8F-D42D-4776-8EA2-08BD4646BE34}.Release|Any CPU.Build.0 = Release|Any CPU
		{7E05806D-F765-4282-9218-7B67367BD13C}.Debug|Any CPU.ActiveCfg = Debug|Any CPU
		{7E05806D-F765-4282-9218-7B67367BD13C}.Debug|Any CPU.Build.0 = Debug|Any CPU
		{7E05806D-F765-4282-9218-7B67367BD13C}.Release|Any CPU.ActiveCfg = Release|Any CPU
		{7E05806D-F765-4282-9218-7B67367BD13C}.Release|Any CPU.Build.0 = Release|Any CPU
	EndGlobalSection
	GlobalSection(SolutionProperties) = preSolution
		HideSolutionNode = FALSE
	EndGlobalSection
	GlobalSection(NestedProjects) = preSolution
		{BCCDFE54-56B5-46B6-9401-ABCF9388EE24} = {67298D0C-1D56-471D-9AEC-183640ED0025}
		{E542C658-C99E-4948-B9AF-6E57A31C01CC} = {67298D0C-1D56-471D-9AEC-183640ED0025}
		{6F91FE8F-D42D-4776-8EA2-08BD4646BE34} = {B590AD5C-FEC6-4A21-B791-B5F1C174EF1F}
		{7E05806D-F765-4282-9218-7B67367BD13C} = {B590AD5C-FEC6-4A21-B791-B5F1C174EF1F}
	EndGlobalSection
	GlobalSection(ExtensibilityGlobals) = postSolution
		SolutionGuid = {ECD82604-8A9A-446B-BC46-4C7AB2C1968E}
	EndGlobalSection
EndGlobal
