
Microsoft Visual Studio Solution File, Format Version 12.00
# Visual Studio Version 17
VisualStudioVersion = 17.5.002.0
MinimumVisualStudioVersion = 10.0.40219.1
Project("{2150E333-8FDC-42A3-9474-1A3956D46DE8}") = "Semana1", "Semana1", "{7C9EE204-AC1B-43C0-9837-DF8D13A11AE0}"
EndProject
Project("{9A19103F-16F7-4668-BE54-9A1E7A4F7556}") = "MeuPrimeiroProjeto", "Semana1\MeuPrimeiroProjeto\MeuPrimeiroProjeto.csproj", "{8E761BF3-C774-4F7A-BBF8-F7A092063E11}"
EndProject
Global
	GlobalSection(SolutionConfigurationPlatforms) = preSolution
		Debug|Any CPU = Debug|Any CPU
		Release|Any CPU = Release|Any CPU
	EndGlobalSection
	GlobalSection(ProjectConfigurationPlatforms) = postSolution
		{8E761BF3-C774-4F7A-BBF8-F7A092063E11}.Debug|Any CPU.ActiveCfg = Debug|Any CPU
		{8E761BF3-C774-4F7A-BBF8-F7A092063E11}.Debug|Any CPU.Build.0 = Debug|Any CPU
		{8E761BF3-C774-4F7A-BBF8-F7A092063E11}.Release|Any CPU.ActiveCfg = Release|Any CPU
		{8E761BF3-C774-4F7A-BBF8-F7A092063E11}.Release|Any CPU.Build.0 = Release|Any CPU
	EndGlobalSection
	GlobalSection(SolutionProperties) = preSolution
		HideSolutionNode = FALSE
	EndGlobalSection
	GlobalSection(NestedProjects) = preSolution
		{8E761BF3-C774-4F7A-BBF8-F7A092063E11} = {7C9EE204-AC1B-43C0-9837-DF8D13A11AE0}
	EndGlobalSection
	GlobalSection(ExtensibilityGlobals) = postSolution
		SolutionGuid = {595BB252-45CC-40E6-872E-0D8DC058E815}
	EndGlobalSection
EndGlobal
